{
    "name": "service-api-handler",
    "version": "0.0.0",
    "lockfileVersion": 1,
    "requires": true,
    "dependencies": {
        "@aws-sdk/service-error-classification": {
            "version": "3.54.1",
            "resolved": "https://registry.npmjs.org/@aws-sdk/service-error-classification/-/service-error-classification-3.54.1.tgz",
            "integrity": "sha512-cOofY2SFZEoPbuoH4I9ZiTMf8bgUz3OOZjLtU/Qv0Efhf7NhNEwsJkG2jgSYac3UkK7tWyz1Jo1Exog+sY7hOQ=="
        },
        "@aws-sdk/types": {
            "version": "3.54.1",
            "resolved": "https://registry.npmjs.org/@aws-sdk/types/-/types-3.54.1.tgz",
            "integrity": "sha512-7JgapyqowaBqhX80ZDxumeLhnyS3Up5ZXn2MljiBwJ2B5mAGomcfFDMDvViJfbKO6pKakopp0iXtPTulH6sIgw=="
        },
        "@mcma/api": {
            "version": "0.14.7",
            "resolved": "http://localhost:4873/@mcma%2fapi/-/api-0.14.7.tgz",
            "integrity": "sha512-QKSN3nNJp56mGRzJ/hR0pLD+svNYGRaGc7cWmhr1WEinHfSARoz/qCkxAQcKIeqmonKeBFsgref2NsyFlA0+tQ==",
            "requires": {
                "@types/uri-templates": "^0.1.30",
                "pluralize": "^7.0.0",
                "uri-templates": "^0.2.0",
                "uuid": "^7.0.3"
            },
            "dependencies": {
                "uuid": {
                    "version": "7.0.3",
                    "resolved": "http://localhost:4873/uuid/-/uuid-7.0.3.tgz",
                    "integrity": "sha512-DPSke0pXhTZgoF/d+WSt2QaKMCFSfx7QegxEWT+JOuHF5aWrKEn0G+ztjuJg/gG8/ItK+rbPCD/yNv8yyih6Cg=="
                }
            }
        },
        "@mcma/aws-api-gateway": {
            "version": "0.14.7",
            "resolved": "http://localhost:4873/@mcma%2faws-api-gateway/-/aws-api-gateway-0.14.7.tgz",
            "integrity": "sha512-xH3GiiT88VvIz+5neOMIXZXXvHOdQJJqYu/Ju2CycStSQsReNotFXCjwgEfLB74aWKuVqqEKanllmWixl0U/Bw==",
            "requires": {
                "aws-sdk": "^2.1000.0"
            }
        },
        "@mcma/aws-client": {
            "version": "0.14.7",
            "resolved": "http://localhost:4873/@mcma%2faws-client/-/aws-client-0.14.7.tgz",
            "integrity": "sha512-I5Z2DrPIYNKPFj7Cfp8I6GkBw4wFXfKFPjFvg8X6cyszyM4NSIltDONoahnNhQqmySYZuM7dUVzINZoeGxdhBQ==",
            "requires": {
                "crypto-js": "^3.1.9-1"
            }
        },
        "@mcma/aws-dynamodb": {
            "version": "0.14.7",
            "resolved": "http://localhost:4873/@mcma%2faws-dynamodb/-/aws-dynamodb-0.14.7.tgz",
            "integrity": "sha512-zyBzuEsIYBh/7SCWn5GKnB4HmK+66PZr9QuB+DH1t0Jip3jjzrKe4d1MnUSuZxfFCOG6Pz3gtuhsyb41Wc5deQ==",
            "requires": {
                "aws-sdk": "^2.1000.0"
            }
        },
        "@mcma/aws-lambda-worker-invoker": {
            "version": "0.14.7",
            "resolved": "http://localhost:4873/@mcma%2faws-lambda-worker-invoker/-/aws-lambda-worker-invoker-0.14.7.tgz",
            "integrity": "sha512-CrlhzEO0pVBxwtov/pzRhuPSWg3PpFALOv9B2Cxc1/c3enh2BhRIAxEjj/ZEidWnheXSpMsiFVSUVZwQfv2moA==",
            "requires": {
                "aws-sdk": "^2.1000.0"
            }
        },
        "@mcma/aws-logger": {
            "version": "0.14.7",
            "resolved": "http://localhost:4873/@mcma%2faws-logger/-/aws-logger-0.14.7.tgz",
            "integrity": "sha512-nJgz9PXGhUv6SZKa3ayG0dbswETW5KSDv1zLqdXjg1ehAPQ6ENpH8cNB8A8Z4Y7Vh+X5utFhxr74d7ntDXVExg==",
            "requires": {
                "aws-sdk": "^2.1000.0",
                "uuid": "^7.0.3"
            },
            "dependencies": {
                "uuid": {
                    "version": "7.0.3",
                    "resolved": "http://localhost:4873/uuid/-/uuid-7.0.3.tgz",
                    "integrity": "sha512-DPSke0pXhTZgoF/d+WSt2QaKMCFSfx7QegxEWT+JOuHF5aWrKEn0G+ztjuJg/gG8/ItK+rbPCD/yNv8yyih6Cg=="
                }
            }
        },
        "@mcma/client": {
            "version": "0.14.7",
            "resolved": "http://localhost:4873/@mcma%2fclient/-/client-0.14.7.tgz",
            "integrity": "sha512-rUv0z0j6GfSKpmQXLbcTva13vC0/9i2mVOF3DAT4QNTCLIbapkSLkXf4OLSjIznP4wzU5KzEyjoV4bGtT2v9TA==",
            "requires": {
                "axios": "^0.24.0"
            }
        },
        "@mcma/core": {
            "version": "0.14.7",
            "resolved": "http://localhost:4873/@mcma%2fcore/-/core-0.14.7.tgz",
            "integrity": "sha512-zh+Uo49CWQJAs0bzHkBYfVsmJKKls9jvQGhckYkMi/Yosco+d1R4isPBFCosr0er0wPagM6mh0Nu8SESfpI4+w==",
            "requires": {
                "uuid": "^7.0.3"
            },
            "dependencies": {
                "uuid": {
                    "version": "7.0.3",
                    "resolved": "http://localhost:4873/uuid/-/uuid-7.0.3.tgz",
                    "integrity": "sha512-DPSke0pXhTZgoF/d+WSt2QaKMCFSfx7QegxEWT+JOuHF5aWrKEn0G+ztjuJg/gG8/ItK+rbPCD/yNv8yyih6Cg=="
                }
            }
        },
        "@mcma/data": {
            "version": "0.14.7",
            "resolved": "http://localhost:4873/@mcma%2fdata/-/data-0.14.7.tgz",
            "integrity": "sha512-EzskMVCyL9jC3ZtypK5XHlvucaIu0QnpkCWEx65TJLv7+Ns0JXTQjDucXhWIg0etvLwi/2xi+8++SX7umFIa3g=="
        },
        "@mcma/worker-invoker": {
            "version": "0.14.7",
            "resolved": "http://localhost:4873/@mcma%2fworker-invoker/-/worker-invoker-0.14.7.tgz",
            "integrity": "sha512-efwKnpESxcrVM5yUoAWqTDcWQFl5350Z2cPRocgKTU97A2VBY7UDoau9eGX3uRNPAYu/xokyxvzf2XMftJ0aGQ=="
        },
        "@types/aws-lambda": {
            "version": "8.10.93",
            "resolved": "https://registry.npmjs.org/@types/aws-lambda/-/aws-lambda-8.10.93.tgz",
            "integrity": "sha512-Vsyi9ogDAY3REZDjYnXMRJJa62SDvxHXxJI5nGDQdZW058dDE+av/anynN2rLKbCKXDRNw3D/sQmqxVflZFi4A==",
            "dev": true
        },
        "@types/cls-hooked": {
            "version": "4.3.3",
            "resolved": "http://localhost:4873/@types%2fcls-hooked/-/cls-hooked-4.3.3.tgz",
            "integrity": "sha512-gNstDTb/ty5h6gJd6YpSPgsLX9LmRpaKJqGFp7MRlYxhwp4vXXKlJ9+bt1TZ9KbVNXE+Mbxy2AYXcpY21DDtJw==",
            "requires": {
                "@types/node": "*"
            }
        },
        "@types/node": {
            "version": "14.18.12",
            "resolved": "https://registry.npmjs.org/@types/node/-/node-14.18.12.tgz",
            "integrity": "sha512-q4jlIR71hUpWTnGhXWcakgkZeHa3CCjcQcnuzU8M891BAWA2jHiziiWEPEkdS5pFsz7H9HJiy8BrK7tBRNrY7A=="
        },
        "@types/uri-templates": {
            "version": "0.1.31",
            "resolved": "http://localhost:4873/@types%2furi-templates/-/uri-templates-0.1.31.tgz",
            "integrity": "sha512-sCokykpau15/CwBZvZg+HfcDcwre4/J3Zj7XyQgUrLS9OOdExIyK1tQ1tfQtM0P9qGU/U5y50FQOxqDX5rhcrQ=="
        },
        "async-hook-jl": {
            "version": "1.7.6",
            "resolved": "http://localhost:4873/async-hook-jl/-/async-hook-jl-1.7.6.tgz",
            "integrity": "sha512-gFaHkFfSxTjvoxDMYqDuGHlcRyUuamF8s+ZTtJdDzqjws4mCt7v0vuV79/E2Wr2/riMQgtG4/yUtXWs1gZ7JMg==",
            "requires": {
                "stack-chain": "^1.3.7"
            }
        },
        "atomic-batcher": {
            "version": "1.0.2",
            "resolved": "http://localhost:4873/atomic-batcher/-/atomic-batcher-1.0.2.tgz",
            "integrity": "sha1-0WkB0QzOxZUWwZe5zNiTBom4E7Q="
        },
        "aws-sdk": {
            "version": "2.1096.0",
            "resolved": "https://registry.npmjs.org/aws-sdk/-/aws-sdk-2.1096.0.tgz",
            "integrity": "sha512-q+hotU57U8bGpz1pf5CkO4z630ay0xGJ9HedahKPZ0Xk3/X0GH+QFYPBWJ5IMTtO30bjfPH0zTaL2vJmMXLBrQ==",
            "requires": {
                "buffer": "4.9.2",
                "events": "1.1.1",
                "ieee754": "1.1.13",
                "jmespath": "0.16.0",
                "querystring": "0.2.0",
                "sax": "1.2.1",
                "url": "0.10.3",
                "uuid": "3.3.2",
                "xml2js": "0.4.19"
            },
            "dependencies": {
                "uuid": {
                    "version": "3.3.2",
                    "resolved": "http://localhost:4873/uuid/-/uuid-3.3.2.tgz",
                    "integrity": "sha512-yXJmeNaw3DnnKAOKJE51sL/ZaYfWJRl1pK9dr19YFCu0ObS231AB1/LbqTKRAQ5kw8A90rA6fr4riOUpTZvQZA=="
                }
            }
        },
        "aws-xray-sdk-core": {
            "version": "3.3.4",
            "resolved": "https://registry.npmjs.org/aws-xray-sdk-core/-/aws-xray-sdk-core-3.3.4.tgz",
            "integrity": "sha512-GGnYAQgtclLHIBReOtsUgbDDCar0LR2TaHCWlQhPrEVVayrSAZQ4y+SlXN5YIadxMec4/f5dbF69wMbug9D5Ww==",
            "requires": {
                "@aws-sdk/service-error-classification": "^3.4.1",
                "@aws-sdk/types": "^3.4.1",
                "@types/cls-hooked": "^4.3.3",
                "atomic-batcher": "^1.0.2",
                "cls-hooked": "^4.2.2",
                "semver": "^5.3.0"
            }
        },
        "axios": {
            "version": "0.24.0",
            "resolved": "http://localhost:4873/axios/-/axios-0.24.0.tgz",
            "integrity": "sha512-Q6cWsys88HoPgAaFAVUb0WpPk0O8iTeisR9IMqy9G8AbO4NlpVknrnQS03zzF9PGAWgO3cgletO3VjV/P7VztA==",
            "requires": {
                "follow-redirects": "^1.14.4"
            }
        },
        "base64-js": {
            "version": "1.5.1",
            "resolved": "http://localhost:4873/base64-js/-/base64-js-1.5.1.tgz",
            "integrity": "sha512-AKpaYlHn8t4SVbOHCy+b5+KKgvR4vrsD8vbvrbiQJps7fKDTkjkDry6ji0rUJjC0kzbNePLwzxq8iypo41qeWA=="
        },
        "buffer": {
            "version": "4.9.2",
            "resolved": "http://localhost:4873/buffer/-/buffer-4.9.2.tgz",
            "integrity": "sha512-xq+q3SRMOxGivLhBNaUdC64hDTQwejJ+H0T/NB1XMtTVEwNTrfFF3gAxiyW0Bu/xWEGhjVKgUcMhCrUy2+uCWg==",
            "requires": {
                "base64-js": "^1.0.2",
                "ieee754": "^1.1.4",
                "isarray": "^1.0.0"
            }
        },
        "cls-hooked": {
            "version": "4.2.2",
            "resolved": "http://localhost:4873/cls-hooked/-/cls-hooked-4.2.2.tgz",
            "integrity": "sha512-J4Xj5f5wq/4jAvcdgoGsL3G103BtWpZrMo8NEinRltN+xpTZdI+M38pyQqhuFU/P792xkMFvnKSf+Lm81U1bxw==",
            "requires": {
                "async-hook-jl": "^1.7.6",
                "emitter-listener": "^1.0.1",
                "semver": "^5.4.1"
            }
        },
        "crypto-js": {
            "version": "3.3.0",
            "resolved": "http://localhost:4873/crypto-js/-/crypto-js-3.3.0.tgz",
            "integrity": "sha512-DIT51nX0dCfKltpRiXV+/TVZq+Qq2NgF4644+K7Ttnla7zEzqc+kjJyiB96BHNyUTBxyjzRcZYpUdZa+QAqi6Q=="
        },
        "emitter-listener": {
            "version": "1.1.2",
            "resolved": "http://localhost:4873/emitter-listener/-/emitter-listener-1.1.2.tgz",
            "integrity": "sha512-Bt1sBAGFHY9DKY+4/2cV6izcKJUf5T7/gkdmkxzX/qv9CcGH8xSwVRW5mtX03SWJtRTWSOpzCuWN9rBFYZepZQ==",
            "requires": {
                "shimmer": "^1.2.0"
            }
        },
        "events": {
            "version": "1.1.1",
            "resolved": "http://localhost:4873/events/-/events-1.1.1.tgz",
            "integrity": "sha1-nr23Y1rQmccNzEwqH1AEKI6L2SQ="
        },
        "follow-redirects": {
            "version": "1.15.1",
            "resolved": "http://localhost:4873/follow-redirects/-/follow-redirects-1.15.1.tgz",
            "integrity": "sha512-yLAMQs+k0b2m7cVxpS1VKJVvoz7SS9Td1zss3XRwXj+ZDH00RJgnuLx7E44wx02kQLrdM3aOOy+FpzS7+8OizA=="
        },
        "ieee754": {
            "version": "1.1.13",
            "resolved": "http://localhost:4873/ieee754/-/ieee754-1.1.13.tgz",
            "integrity": "sha512-4vf7I2LYV/HaWerSo3XmlMkp5eZ83i+/CDluXi/IGTs/O1sejBNhTtnxzmRZfvOUqj7lZjqHkeTvpgSFDlWZTg=="
        },
        "isarray": {
            "version": "1.0.0",
            "resolved": "http://localhost:4873/isarray/-/isarray-1.0.0.tgz",
            "integrity": "sha1-u5NdSFgsuhaMBoNJV6VKPgcSTxE="
        },
        "jmespath": {
            "version": "0.16.0",
            "resolved": "https://registry.npmjs.org/jmespath/-/jmespath-0.16.0.tgz",
            "integrity": "sha512-9FzQjJ7MATs1tSpnco1K6ayiYE3figslrXA72G2HQ/n76RzvYlofyi5QM+iX4YRs/pu3yzxlVQSST23+dMDknw=="
        },
        "pluralize": {
            "version": "7.0.0",
            "resolved": "http://localhost:4873/pluralize/-/pluralize-7.0.0.tgz",
            "integrity": "sha512-ARhBOdzS3e41FbkW/XWrTEtukqqLoK5+Z/4UeDaLuSW+39JPeFgs4gCGqsrJHVZX0fUrx//4OF0K1CUGwlIFow=="
        },
        "punycode": {
            "version": "1.3.2",
            "resolved": "http://localhost:4873/punycode/-/punycode-1.3.2.tgz",
            "integrity": "sha1-llOgNvt8HuQjQvIyXM7v6jkmxI0="
        },
        "querystring": {
            "version": "0.2.0",
            "resolved": "http://localhost:4873/querystring/-/querystring-0.2.0.tgz",
            "integrity": "sha1-sgmEkgO7Jd+CDadW50cAWHhSFiA="
        },
        "sax": {
            "version": "1.2.1",
            "resolved": "http://localhost:4873/sax/-/sax-1.2.1.tgz",
            "integrity": "sha1-e45lYZCyKOgaZq6nSEgNgozS03o="
        },
        "semver": {
            "version": "5.7.1",
            "resolved": "http://localhost:4873/semver/-/semver-5.7.1.tgz",
            "integrity": "sha512-sauaDf/PZdVgrLTNYHRtpXa1iRiKcaebiKQ1BJdpQlWH2lCvexQdX55snPFyK7QzpudqbCI0qXFfOasHdyNDGQ=="
        },
        "shimmer": {
            "version": "1.2.1",
            "resolved": "http://localhost:4873/shimmer/-/shimmer-1.2.1.tgz",
            "integrity": "sha512-sQTKC1Re/rM6XyFM6fIAGHRPVGvyXfgzIDvzoq608vM+jeyVD0Tu1E6Np0Kc2zAIFWIj963V2800iF/9LPieQw=="
        },
        "stack-chain": {
            "version": "1.3.7",
            "resolved": "http://localhost:4873/stack-chain/-/stack-chain-1.3.7.tgz",
            "integrity": "sha1-0ZLJ/06moiyUxN1FkXHj8AzqEoU="
        },
        "uri-templates": {
            "version": "0.2.0",
            "resolved": "http://localhost:4873/uri-templates/-/uri-templates-0.2.0.tgz",
            "integrity": "sha1-K1eEURzJCYaHMekjPCaAl9ELSZ8="
        },
        "url": {
            "version": "0.10.3",
            "resolved": "http://localhost:4873/url/-/url-0.10.3.tgz",
            "integrity": "sha1-Ah5NnHcF8hu/N9A861h2dAJ3TGQ=",
            "requires": {
                "punycode": "1.3.2",
                "querystring": "0.2.0"
            }
        },
        "uuid": {
            "version": "8.3.2",
            "resolved": "http://localhost:4873/uuid/-/uuid-8.3.2.tgz",
            "integrity": "sha512-+NYs2QeMWy+GWFOEm9xnn6HCDp0l7QBD7ml8zLUmJ+93Q5NF0NocErnwkTkXVFNiX3/fpC6afS8Dhb/gz7R7eg=="
        },
        "xml2js": {
            "version": "0.4.19",
            "resolved": "http://localhost:4873/xml2js/-/xml2js-0.4.19.tgz",
            "integrity": "sha512-esZnJZJOiJR9wWKMyuvSE1y6Dq5LCuJanqhxslH2bxM6duahNZ+HMpCLhBQGZkbX6xRf8x1Y2eJlgt2q3qo49Q==",
            "requires": {
                "sax": ">=0.6.0",
                "xmlbuilder": "~9.0.1"
            }
        },
        "xmlbuilder": {
            "version": "9.0.7",
            "resolved": "http://localhost:4873/xmlbuilder/-/xmlbuilder-9.0.7.tgz",
            "integrity": "sha1-Ey7mPS7FVlxVfiD0wi35rKaGsQ0="
        }
    }
}
